// !$*UTF8*$!
{
	archiveVersion = 1;
	classes = {
	};
	objectVersion = 50;
	objects = {

/* Begin PBXBuildFile section */
		813B9441235F3F60007ACE7C /* MapKit.framework in Frameworks */ = {isa = PBXBuildFile; fileRef = 813B9440235F3F60007ACE7C /* MapKit.framework */; };
		813B9443235F47CC007ACE7C /* NearbyLocationsViewController.swift in Sources */ = {isa = PBXBuildFile; fileRef = 813B9442235F47CC007ACE7C /* NearbyLocationsViewController.swift */; };
		816BE4572368213C0088BF5D /* NearbyLocationsTableViewCell.swift in Sources */ = {isa = PBXBuildFile; fileRef = 816BE4562368213C0088BF5D /* NearbyLocationsTableViewCell.swift */; };
		8174A99E234C5B7A00A32C54 /* BudgetViewController.swift in Sources */ = {isa = PBXBuildFile; fileRef = 8174A99D234C5B7A00A32C54 /* BudgetViewController.swift */; };
		8174A9A3234C652900A32C54 /* AddAccountingTableViewController.swift in Sources */ = {isa = PBXBuildFile; fileRef = 8174A9A2234C652900A32C54 /* AddAccountingTableViewController.swift */; };
		8174A9A5234C660000A32C54 /* CategoryViewController.swift in Sources */ = {isa = PBXBuildFile; fileRef = 8174A9A4234C660000A32C54 /* CategoryViewController.swift */; };
		8174A9A7234C661F00A32C54 /* CategoryTableViewController.swift in Sources */ = {isa = PBXBuildFile; fileRef = 8174A9A6234C661F00A32C54 /* CategoryTableViewController.swift */; };
		8174A9AA234C66C600A32C54 /* CategoryTableViewCell.swift in Sources */ = {isa = PBXBuildFile; fileRef = 8174A9A8234C66C600A32C54 /* CategoryTableViewCell.swift */; };
		8174A9AB234C66C600A32C54 /* CategoryTableViewCell.xib in Resources */ = {isa = PBXBuildFile; fileRef = 8174A9A9234C66C600A32C54 /* CategoryTableViewCell.xib */; };
		8174A9AD234C69F500A32C54 /* MethodViewController.swift in Sources */ = {isa = PBXBuildFile; fileRef = 8174A9AC234C69F500A32C54 /* MethodViewController.swift */; };
		8174A9AF234C6A0F00A32C54 /* MethodTableViewController.swift in Sources */ = {isa = PBXBuildFile; fileRef = 8174A9AE234C6A0F00A32C54 /* MethodTableViewController.swift */; };
		8174A9B2234C6A4400A32C54 /* MethodTableViewCell.swift in Sources */ = {isa = PBXBuildFile; fileRef = 8174A9B0234C6A4400A32C54 /* MethodTableViewCell.swift */; };
		8174A9B3234C6A4400A32C54 /* MethodTableViewCell.xib in Resources */ = {isa = PBXBuildFile; fileRef = 8174A9B1234C6A4400A32C54 /* MethodTableViewCell.xib */; };
		8174A9B5234C718000A32C54 /* RecentAccountingHeaderView.swift in Sources */ = {isa = PBXBuildFile; fileRef = 8174A9B4234C718000A32C54 /* RecentAccountingHeaderView.swift */; };
		8174A9B7234C71DD00A32C54 /* RecentAccountingHeaderView.xib in Resources */ = {isa = PBXBuildFile; fileRef = 8174A9B6234C71DD00A32C54 /* RecentAccountingHeaderView.xib */; };
		8174A9BA234C732F00A32C54 /* RecentAccountingTableViewCell.swift in Sources */ = {isa = PBXBuildFile; fileRef = 8174A9B8234C732F00A32C54 /* RecentAccountingTableViewCell.swift */; };
		8174A9BB234C732F00A32C54 /* RecentAccountingTableViewCell.xib in Resources */ = {isa = PBXBuildFile; fileRef = 8174A9B9234C732F00A32C54 /* RecentAccountingTableViewCell.xib */; };
		8174A9BD234CBB8300A32C54 /* MonthlyReportTableViewController.swift in Sources */ = {isa = PBXBuildFile; fileRef = 8174A9BC234CBB8300A32C54 /* MonthlyReportTableViewController.swift */; };
		8174A9C0234CBC7300A32C54 /* MonthlyReportIncomeCell.swift in Sources */ = {isa = PBXBuildFile; fileRef = 8174A9BE234CBC7300A32C54 /* MonthlyReportIncomeCell.swift */; };
		8174A9C1234CBC7300A32C54 /* MonthlyReportIncomeCell.xib in Resources */ = {isa = PBXBuildFile; fileRef = 8174A9BF234CBC7300A32C54 /* MonthlyReportIncomeCell.xib */; };
		8174A9C4234CBCDB00A32C54 /* MonthlyReportExpensesCell.swift in Sources */ = {isa = PBXBuildFile; fileRef = 8174A9C2234CBCDB00A32C54 /* MonthlyReportExpensesCell.swift */; };
		8174A9C5234CBCDB00A32C54 /* MonthlyReportExpensesCell.xib in Resources */ = {isa = PBXBuildFile; fileRef = 8174A9C3234CBCDB00A32C54 /* MonthlyReportExpensesCell.xib */; };
		81B5C008234B03380047CE7E /* AppDelegate.swift in Sources */ = {isa = PBXBuildFile; fileRef = 81B5C007234B03380047CE7E /* AppDelegate.swift */; };
		81B5C00A234B03380047CE7E /* SceneDelegate.swift in Sources */ = {isa = PBXBuildFile; fileRef = 81B5C009234B03380047CE7E /* SceneDelegate.swift */; };
		81B5C00F234B03380047CE7E /* Main.storyboard in Resources */ = {isa = PBXBuildFile; fileRef = 81B5C00D234B03380047CE7E /* Main.storyboard */; };
		81B5C012234B03380047CE7E /* Task.xcdatamodeld in Sources */ = {isa = PBXBuildFile; fileRef = 81B5C010234B03380047CE7E /* Task.xcdatamodeld */; };
		81B5C014234B03390047CE7E /* Assets.xcassets in Resources */ = {isa = PBXBuildFile; fileRef = 81B5C013234B03390047CE7E /* Assets.xcassets */; };
		81B5C017234B03390047CE7E /* LaunchScreen.storyboard in Resources */ = {isa = PBXBuildFile; fileRef = 81B5C015234B03390047CE7E /* LaunchScreen.storyboard */; };
		81B5C01F234B18150047CE7E /* OverviewViewController.swift in Sources */ = {isa = PBXBuildFile; fileRef = 81B5C01E234B18150047CE7E /* OverviewViewController.swift */; };
		81B5C021234B187A0047CE7E /* RecentAccountingViewController.swift in Sources */ = {isa = PBXBuildFile; fileRef = 81B5C020234B187A0047CE7E /* RecentAccountingViewController.swift */; };
		81B5C025234B19260047CE7E /* MonthlyReportViewController.swift in Sources */ = {isa = PBXBuildFile; fileRef = 81B5C024234B19260047CE7E /* MonthlyReportViewController.swift */; };
		81B5C027234B197C0047CE7E /* PersonalInformationViewController.swift in Sources */ = {isa = PBXBuildFile; fileRef = 81B5C026234B197C0047CE7E /* PersonalInformationViewController.swift */; };
		81B5C029234B31A90047CE7E /* SettingsTableViewController.swift in Sources */ = {isa = PBXBuildFile; fileRef = 81B5C028234B31A90047CE7E /* SettingsTableViewController.swift */; };
		81B5C02B234B49CD0047CE7E /* AddAccountingViewController.swift in Sources */ = {isa = PBXBuildFile; fileRef = 81B5C02A234B49CD0047CE7E /* AddAccountingViewController.swift */; };
		81B5C02F234B82F40047CE7E /* BudgetTableViewController.swift in Sources */ = {isa = PBXBuildFile; fileRef = 81B5C02E234B82F40047CE7E /* BudgetTableViewController.swift */; };
		81B5C033234B854C0047CE7E /* HistoryViewController.swift in Sources */ = {isa = PBXBuildFile; fileRef = 81B5C032234B854C0047CE7E /* HistoryViewController.swift */; };
		81B5C036234B8B040047CE7E /* HistoryTableViewCell.swift in Sources */ = {isa = PBXBuildFile; fileRef = 81B5C034234B8B040047CE7E /* HistoryTableViewCell.swift */; };
		81B5C037234B8B040047CE7E /* HistoryTableViewCell.xib in Resources */ = {isa = PBXBuildFile; fileRef = 81B5C035234B8B040047CE7E /* HistoryTableViewCell.xib */; };
/* End PBXBuildFile section */

/* Begin PBXFileReference section */
		813B9440235F3F60007ACE7C /* MapKit.framework */ = {isa = PBXFileReference; lastKnownFileType = wrapper.framework; name = MapKit.framework; path = System/Library/Frameworks/MapKit.framework; sourceTree = SDKROOT; };
		813B9442235F47CC007ACE7C /* NearbyLocationsViewController.swift */ = {isa = PBXFileReference; lastKnownFileType = sourcecode.swift; path = NearbyLocationsViewController.swift; sourceTree = "<group>"; };
		816BE4562368213C0088BF5D /* NearbyLocationsTableViewCell.swift */ = {isa = PBXFileReference; lastKnownFileType = sourcecode.swift; path = NearbyLocationsTableViewCell.swift; sourceTree = "<group>"; };
		8174A99D234C5B7A00A32C54 /* BudgetViewController.swift */ = {isa = PBXFileReference; lastKnownFileType = sourcecode.swift; path = BudgetViewController.swift; sourceTree = "<group>"; };
		8174A9A2234C652900A32C54 /* AddAccountingTableViewController.swift */ = {isa = PBXFileReference; lastKnownFileType = sourcecode.swift; path = AddAccountingTableViewController.swift; sourceTree = "<group>"; };
		8174A9A4234C660000A32C54 /* CategoryViewController.swift */ = {isa = PBXFileReference; lastKnownFileType = sourcecode.swift; path = CategoryViewController.swift; sourceTree = "<group>"; };
		8174A9A6234C661F00A32C54 /* CategoryTableViewController.swift */ = {isa = PBXFileReference; lastKnownFileType = sourcecode.swift; path = CategoryTableViewController.swift; sourceTree = "<group>"; };
		8174A9A8234C66C600A32C54 /* CategoryTableViewCell.swift */ = {isa = PBXFileReference; lastKnownFileType = sourcecode.swift; path = CategoryTableViewCell.swift; sourceTree = "<group>"; };
		8174A9A9234C66C600A32C54 /* CategoryTableViewCell.xib */ = {isa = PBXFileReference; lastKnownFileType = file.xib; path = CategoryTableViewCell.xib; sourceTree = "<group>"; };
		8174A9AC234C69F500A32C54 /* MethodViewController.swift */ = {isa = PBXFileReference; lastKnownFileType = sourcecode.swift; path = MethodViewController.swift; sourceTree = "<group>"; };
		8174A9AE234C6A0F00A32C54 /* MethodTableViewController.swift */ = {isa = PBXFileReference; lastKnownFileType = sourcecode.swift; path = MethodTableViewController.swift; sourceTree = "<group>"; };
		8174A9B0234C6A4400A32C54 /* MethodTableViewCell.swift */ = {isa = PBXFileReference; lastKnownFileType = sourcecode.swift; path = MethodTableViewCell.swift; sourceTree = "<group>"; };
		8174A9B1234C6A4400A32C54 /* MethodTableViewCell.xib */ = {isa = PBXFileReference; lastKnownFileType = file.xib; path = MethodTableViewCell.xib; sourceTree = "<group>"; };
		8174A9B4234C718000A32C54 /* RecentAccountingHeaderView.swift */ = {isa = PBXFileReference; lastKnownFileType = sourcecode.swift; path = RecentAccountingHeaderView.swift; sourceTree = "<group>"; };
		8174A9B6234C71DD00A32C54 /* RecentAccountingHeaderView.xib */ = {isa = PBXFileReference; lastKnownFileType = file.xib; path = RecentAccountingHeaderView.xib; sourceTree = "<group>"; };
		8174A9B8234C732F00A32C54 /* RecentAccountingTableViewCell.swift */ = {isa = PBXFileReference; lastKnownFileType = sourcecode.swift; path = RecentAccountingTableViewCell.swift; sourceTree = "<group>"; };
		8174A9B9234C732F00A32C54 /* RecentAccountingTableViewCell.xib */ = {isa = PBXFileReference; lastKnownFileType = file.xib; path = RecentAccountingTableViewCell.xib; sourceTree = "<group>"; };
		8174A9BC234CBB8300A32C54 /* MonthlyReportTableViewController.swift */ = {isa = PBXFileReference; lastKnownFileType = sourcecode.swift; path = MonthlyReportTableViewController.swift; sourceTree = "<group>"; };
		8174A9BE234CBC7300A32C54 /* MonthlyReportIncomeCell.swift */ = {isa = PBXFileReference; lastKnownFileType = sourcecode.swift; path = MonthlyReportIncomeCell.swift; sourceTree = "<group>"; };
		8174A9BF234CBC7300A32C54 /* MonthlyReportIncomeCell.xib */ = {isa = PBXFileReference; lastKnownFileType = file.xib; path = MonthlyReportIncomeCell.xib; sourceTree = "<group>"; };
		8174A9C2234CBCDB00A32C54 /* MonthlyReportExpensesCell.swift */ = {isa = PBXFileReference; lastKnownFileType = sourcecode.swift; path = MonthlyReportExpensesCell.swift; sourceTree = "<group>"; };
		8174A9C3234CBCDB00A32C54 /* MonthlyReportExpensesCell.xib */ = {isa = PBXFileReference; lastKnownFileType = file.xib; path = MonthlyReportExpensesCell.xib; sourceTree = "<group>"; };
		81B5C004234B03380047CE7E /* Task.app */ = {isa = PBXFileReference; explicitFileType = wrapper.application; includeInIndex = 0; path = Task.app; sourceTree = BUILT_PRODUCTS_DIR; };
		81B5C007234B03380047CE7E /* AppDelegate.swift */ = {isa = PBXFileReference; lastKnownFileType = sourcecode.swift; path = AppDelegate.swift; sourceTree = "<group>"; };
		81B5C009234B03380047CE7E /* SceneDelegate.swift */ = {isa = PBXFileReference; lastKnownFileType = sourcecode.swift; path = SceneDelegate.swift; sourceTree = "<group>"; };
		81B5C00E234B03380047CE7E /* Base */ = {isa = PBXFileReference; lastKnownFileType = file.storyboard; name = Base; path = Base.lproj/Main.storyboard; sourceTree = "<group>"; };
		81B5C011234B03380047CE7E /* Task.xcdatamodel */ = {isa = PBXFileReference; lastKnownFileType = wrapper.xcdatamodel; path = Task.xcdatamodel; sourceTree = "<group>"; };
		81B5C013234B03390047CE7E /* Assets.xcassets */ = {isa = PBXFileReference; lastKnownFileType = folder.assetcatalog; path = Assets.xcassets; sourceTree = "<group>"; };
		81B5C016234B03390047CE7E /* Base */ = {isa = PBXFileReference; lastKnownFileType = file.storyboard; name = Base; path = Base.lproj/LaunchScreen.storyboard; sourceTree = "<group>"; };
		81B5C018234B03390047CE7E /* Info.plist */ = {isa = PBXFileReference; lastKnownFileType = text.plist.xml; path = Info.plist; sourceTree = "<group>"; };
		81B5C01E234B18150047CE7E /* OverviewViewController.swift */ = {isa = PBXFileReference; lastKnownFileType = sourcecode.swift; path = OverviewViewController.swift; sourceTree = "<group>"; };
		81B5C020234B187A0047CE7E /* RecentAccountingViewController.swift */ = {isa = PBXFileReference; lastKnownFileType = sourcecode.swift; path = RecentAccountingViewController.swift; sourceTree = "<group>"; };
		81B5C024234B19260047CE7E /* MonthlyReportViewController.swift */ = {isa = PBXFileReference; lastKnownFileType = sourcecode.swift; path = MonthlyReportViewController.swift; sourceTree = "<group>"; };
		81B5C026234B197C0047CE7E /* PersonalInformationViewController.swift */ = {isa = PBXFileReference; lastKnownFileType = sourcecode.swift; path = PersonalInformationViewController.swift; sourceTree = "<group>"; };
		81B5C028234B31A90047CE7E /* SettingsTableViewController.swift */ = {isa = PBXFileReference; lastKnownFileType = sourcecode.swift; path = SettingsTableViewController.swift; sourceTree = "<group>"; };
		81B5C02A234B49CD0047CE7E /* AddAccountingViewController.swift */ = {isa = PBXFileReference; lastKnownFileType = sourcecode.swift; path = AddAccountingViewController.swift; sourceTree = "<group>"; };
		81B5C02E234B82F40047CE7E /* BudgetTableViewController.swift */ = {isa = PBXFileReference; lastKnownFileType = sourcecode.swift; path = BudgetTableViewController.swift; sourceTree = "<group>"; };
		81B5C032234B854C0047CE7E /* HistoryViewController.swift */ = {isa = PBXFileReference; lastKnownFileType = sourcecode.swift; path = HistoryViewController.swift; sourceTree = "<group>"; };
		81B5C034234B8B040047CE7E /* HistoryTableViewCell.swift */ = {isa = PBXFileReference; lastKnownFileType = sourcecode.swift; path = HistoryTableViewCell.swift; sourceTree = "<group>"; };
		81B5C035234B8B040047CE7E /* HistoryTableViewCell.xib */ = {isa = PBXFileReference; lastKnownFileType = file.xib; path = HistoryTableViewCell.xib; sourceTree = "<group>"; };
/* End PBXFileReference section */

/* Begin PBXFrameworksBuildPhase section */
		81B5C001234B03380047CE7E /* Frameworks */ = {
			isa = PBXFrameworksBuildPhase;
			buildActionMask = 2147483647;
			files = (
				813B9441235F3F60007ACE7C /* MapKit.framework in Frameworks */,
			);
			runOnlyForDeploymentPostprocessing = 0;
		};
/* End PBXFrameworksBuildPhase section */

/* Begin PBXGroup section */
		813B943F235F3F60007ACE7C /* Frameworks */ = {
			isa = PBXGroup;
			children = (
				813B9440235F3F60007ACE7C /* MapKit.framework */,
			);
			name = Frameworks;
			sourceTree = "<group>";
		};
		8174A99F234C641C00A32C54 /* Model */ = {
			isa = PBXGroup;
			children = (
			);
			path = Model;
			sourceTree = "<group>";
		};
		8174A9A0234C644500A32C54 /* View */ = {
			isa = PBXGroup;
			children = (
				81B5C034234B8B040047CE7E /* HistoryTableViewCell.swift */,
				8174A9A8234C66C600A32C54 /* CategoryTableViewCell.swift */,
				8174A9B0234C6A4400A32C54 /* MethodTableViewCell.swift */,
				8174A9B4234C718000A32C54 /* RecentAccountingHeaderView.swift */,
				8174A9B8234C732F00A32C54 /* RecentAccountingTableViewCell.swift */,
				8174A9BE234CBC7300A32C54 /* MonthlyReportIncomeCell.swift */,
				8174A9C2234CBCDB00A32C54 /* MonthlyReportExpensesCell.swift */,
				816BE4562368213C0088BF5D /* NearbyLocationsTableViewCell.swift */,
			);
			path = View;
			sourceTree = "<group>";
		};
		8174A9A1234C644D00A32C54 /* ViewController */ = {
			isa = PBXGroup;
			children = (
				81B5C01E234B18150047CE7E /* OverviewViewController.swift */,
				81B5C020234B187A0047CE7E /* RecentAccountingViewController.swift */,
				81B5C028234B31A90047CE7E /* SettingsTableViewController.swift */,
				81B5C024234B19260047CE7E /* MonthlyReportViewController.swift */,
				8174A9BC234CBB8300A32C54 /* MonthlyReportTableViewController.swift */,
				81B5C026234B197C0047CE7E /* PersonalInformationViewController.swift */,
				81B5C02A234B49CD0047CE7E /* AddAccountingViewController.swift */,
				8174A9A2234C652900A32C54 /* AddAccountingTableViewController.swift */,
				813B9442235F47CC007ACE7C /* NearbyLocationsViewController.swift */,
				8174A99D234C5B7A00A32C54 /* BudgetViewController.swift */,
				81B5C02E234B82F40047CE7E /* BudgetTableViewController.swift */,
				81B5C032234B854C0047CE7E /* HistoryViewController.swift */,
				8174A9AC234C69F500A32C54 /* MethodViewController.swift */,
				8174A9AE234C6A0F00A32C54 /* MethodTableViewController.swift */,
				8174A9A4234C660000A32C54 /* CategoryViewController.swift */,
				8174A9A6234C661F00A32C54 /* CategoryTableViewController.swift */,
			);
			path = ViewController;
			sourceTree = "<group>";
		};
		81B5BFFB234B03380047CE7E = {
			isa = PBXGroup;
			children = (
				81B5C006234B03380047CE7E /* Task */,
				81B5C005234B03380047CE7E /* Products */,
				813B943F235F3F60007ACE7C /* Frameworks */,
			);
			sourceTree = "<group>";
		};
		81B5C005234B03380047CE7E /* Products */ = {
			isa = PBXGroup;
			children = (
				81B5C004234B03380047CE7E /* Task.app */,
			);
			name = Products;
			sourceTree = "<group>";
		};
		81B5C006234B03380047CE7E /* Task */ = {
			isa = PBXGroup;
			children = (
				81B5C007234B03380047CE7E /* AppDelegate.swift */,
				81B5C009234B03380047CE7E /* SceneDelegate.swift */,
				81B5C00D234B03380047CE7E /* Main.storyboard */,
				81B5C035234B8B040047CE7E /* HistoryTableViewCell.xib */,
				8174A9A9234C66C600A32C54 /* CategoryTableViewCell.xib */,
				8174A9B1234C6A4400A32C54 /* MethodTableViewCell.xib */,
				8174A9B6234C71DD00A32C54 /* RecentAccountingHeaderView.xib */,
				8174A9B9234C732F00A32C54 /* RecentAccountingTableViewCell.xib */,
				8174A9BF234CBC7300A32C54 /* MonthlyReportIncomeCell.xib */,
				8174A9C3234CBCDB00A32C54 /* MonthlyReportExpensesCell.xib */,
				8174A99F234C641C00A32C54 /* Model */,
				8174A9A0234C644500A32C54 /* View */,
				8174A9A1234C644D00A32C54 /* ViewController */,
				81B5C013234B03390047CE7E /* Assets.xcassets */,
				81B5C015234B03390047CE7E /* LaunchScreen.storyboard */,
				81B5C018234B03390047CE7E /* Info.plist */,
				81B5C010234B03380047CE7E /* Task.xcdatamodeld */,
			);
			path = Task;
			sourceTree = "<group>";
		};
/* End PBXGroup section */

/* Begin PBXNativeTarget section */
		81B5C003234B03380047CE7E /* Task */ = {
			isa = PBXNativeTarget;
			buildConfigurationList = 81B5C01B234B03390047CE7E /* Build configuration list for PBXNativeTarget "Task" */;
			buildPhases = (
				81B5C000234B03380047CE7E /* Sources */,
				81B5C001234B03380047CE7E /* Frameworks */,
				81B5C002234B03380047CE7E /* Resources */,
			);
			buildRules = (
			);
			dependencies = (
			);
			name = Task;
			productName = Task;
			productReference = 81B5C004234B03380047CE7E /* Task.app */;
			productType = "com.apple.product-type.application";
		};
/* End PBXNativeTarget section */

/* Begin PBXProject section */
		81B5BFFC234B03380047CE7E /* Project object */ = {
			isa = PBXProject;
			attributes = {
				LastSwiftUpdateCheck = 1100;
				LastUpgradeCheck = 1100;
				ORGANIZATIONNAME = YuwenChiu;
				TargetAttributes = {
					81B5C003234B03380047CE7E = {
						CreatedOnToolsVersion = 11.0;
					};
				};
			};
			buildConfigurationList = 81B5BFFF234B03380047CE7E /* Build configuration list for PBXProject "Task" */;
			compatibilityVersion = "Xcode 9.3";
			developmentRegion = en;
			hasScannedForEncodings = 0;
			knownRegions = (
				en,
				Base,
			);
			mainGroup = 81B5BFFB234B03380047CE7E;
			productRefGroup = 81B5C005234B03380047CE7E /* Products */;
			projectDirPath = "";
			projectRoot = "";
			targets = (
				81B5C003234B03380047CE7E /* Task */,
			);
		};
/* End PBXProject section */

/* Begin PBXResourcesBuildPhase section */
		81B5C002234B03380047CE7E /* Resources */ = {
			isa = PBXResourcesBuildPhase;
			buildActionMask = 2147483647;
			files = (
				81B5C017234B03390047CE7E /* LaunchScreen.storyboard in Resources */,
				8174A9AB234C66C600A32C54 /* CategoryTableViewCell.xib in Resources */,
				81B5C014234B03390047CE7E /* Assets.xcassets in Resources */,
				8174A9BB234C732F00A32C54 /* RecentAccountingTableViewCell.xib in Resources */,
				81B5C037234B8B040047CE7E /* HistoryTableViewCell.xib in Resources */,
				8174A9B3234C6A4400A32C54 /* MethodTableViewCell.xib in Resources */,
				8174A9C1234CBC7300A32C54 /* MonthlyReportIncomeCell.xib in Resources */,
				8174A9B7234C71DD00A32C54 /* RecentAccountingHeaderView.xib in Resources */,
				8174A9C5234CBCDB00A32C54 /* MonthlyReportExpensesCell.xib in Resources */,
				81B5C00F234B03380047CE7E /* Main.storyboard in Resources */,
			);
			runOnlyForDeploymentPostprocessing = 0;
		};
/* End PBXResourcesBuildPhase section */

/* Begin PBXSourcesBuildPhase section */
		81B5C000234B03380047CE7E /* Sources */ = {
			isa = PBXSourcesBuildPhase;
			buildActionMask = 2147483647;
			files = (
				8174A9BD234CBB8300A32C54 /* MonthlyReportTableViewController.swift in Sources */,
				8174A9C4234CBCDB00A32C54 /* MonthlyReportExpensesCell.swift in Sources */,
				81B5C025234B19260047CE7E /* MonthlyReportViewController.swift in Sources */,
				8174A9C0234CBC7300A32C54 /* MonthlyReportIncomeCell.swift in Sources */,
				8174A99E234C5B7A00A32C54 /* BudgetViewController.swift in Sources */,
				81B5C02F234B82F40047CE7E /* BudgetTableViewController.swift in Sources */,
				8174A9A7234C661F00A32C54 /* CategoryTableViewController.swift in Sources */,
				8174A9B2234C6A4400A32C54 /* MethodTableViewCell.swift in Sources */,
				81B5C036234B8B040047CE7E /* HistoryTableViewCell.swift in Sources */,
				8174A9AF234C6A0F00A32C54 /* MethodTableViewController.swift in Sources */,
				8174A9B5234C718000A32C54 /* RecentAccountingHeaderView.swift in Sources */,
				8174A9A3234C652900A32C54 /* AddAccountingTableViewController.swift in Sources */,
				81B5C02B234B49CD0047CE7E /* AddAccountingViewController.swift in Sources */,
				816BE4572368213C0088BF5D /* NearbyLocationsTableViewCell.swift in Sources */,
				81B5C033234B854C0047CE7E /* HistoryViewController.swift in Sources */,
				81B5C012234B03380047CE7E /* Task.xcdatamodeld in Sources */,
				8174A9AD234C69F500A32C54 /* MethodViewController.swift in Sources */,
				81B5C021234B187A0047CE7E /* RecentAccountingViewController.swift in Sources */,
				81B5C027234B197C0047CE7E /* PersonalInformationViewController.swift in Sources */,
				813B9443235F47CC007ACE7C /* NearbyLocationsViewController.swift in Sources */,
				8174A9A5234C660000A32C54 /* CategoryViewController.swift in Sources */,
				81B5C029234B31A90047CE7E /* SettingsTableViewController.swift in Sources */,
				8174A9BA234C732F00A32C54 /* RecentAccountingTableViewCell.swift in Sources */,
				81B5C01F234B18150047CE7E /* OverviewViewController.swift in Sources */,
				81B5C008234B03380047CE7E /* AppDelegate.swift in Sources */,
				81B5C00A234B03380047CE7E /* SceneDelegate.swift in Sources */,
				8174A9AA234C66C600A32C54 /* CategoryTableViewCell.swift in Sources */,
			);
			runOnlyForDeploymentPostprocessing = 0;
		};
/* End PBXSourcesBuildPhase section */

/* Begin PBXVariantGroup section */
		81B5C00D234B03380047CE7E /* Main.storyboard */ = {
			isa = PBXVariantGroup;
			children = (
				81B5C00E234B03380047CE7E /* Base */,
			);
			name = Main.storyboard;
			sourceTree = "<group>";
		};
		81B5C015234B03390047CE7E /* LaunchScreen.storyboard */ = {
			isa = PBXVariantGroup;
			children = (
				81B5C016234B03390047CE7E /* Base */,
			);
			name = LaunchScreen.storyboard;
			sourceTree = "<group>";
		};
/* End PBXVariantGroup section */

/* Begin XCBuildConfiguration section */
		81B5C019234B03390047CE7E /* Debug */ = {
			isa = XCBuildConfiguration;
			buildSettings = {
				ALWAYS_SEARCH_USER_PATHS = NO;
				CLANG_ANALYZER_NONNULL = YES;
				CLANG_ANALYZER_NUMBER_OBJECT_CONVERSION = YES_AGGRESSIVE;
				CLANG_CXX_LANGUAGE_STANDARD = "gnu++14";
				CLANG_CXX_LIBRARY = "libc++";
				CLANG_ENABLE_MODULES = YES;
				CLANG_ENABLE_OBJC_ARC = YES;
				CLANG_ENABLE_OBJC_WEAK = YES;
				CLANG_WARN_BLOCK_CAPTURE_AUTORELEASING = YES;
				CLANG_WARN_BOOL_CONVERSION = YES;
				CLANG_WARN_COMMA = YES;
				CLANG_WARN_CONSTANT_CONVERSION = YES;
				CLANG_WARN_DEPRECATED_OBJC_IMPLEMENTATIONS = YES;
				CLANG_WARN_DIRECT_OBJC_ISA_USAGE = YES_ERROR;
				CLANG_WARN_DOCUMENTATION_COMMENTS = YES;
				CLANG_WARN_EMPTY_BODY = YES;
				CLANG_WARN_ENUM_CONVERSION = YES;
				CLANG_WARN_INFINITE_RECURSION = YES;
				CLANG_WARN_INT_CONVERSION = YES;
				CLANG_WARN_NON_LITERAL_NULL_CONVERSION = YES;
				CLANG_WARN_OBJC_IMPLICIT_RETAIN_SELF = YES;
				CLANG_WARN_OBJC_LITERAL_CONVERSION = YES;
				CLANG_WARN_OBJC_ROOT_CLASS = YES_ERROR;
				CLANG_WARN_RANGE_LOOP_ANALYSIS = YES;
				CLANG_WARN_STRICT_PROTOTYPES = YES;
				CLANG_WARN_SUSPICIOUS_MOVE = YES;
				CLANG_WARN_UNGUARDED_AVAILABILITY = YES_AGGRESSIVE;
				CLANG_WARN_UNREACHABLE_CODE = YES;
				CLANG_WARN__DUPLICATE_METHOD_MATCH = YES;
				COPY_PHASE_STRIP = NO;
				DEBUG_INFORMATION_FORMAT = dwarf;
				ENABLE_STRICT_OBJC_MSGSEND = YES;
				ENABLE_TESTABILITY = YES;
				GCC_C_LANGUAGE_STANDARD = gnu11;
				GCC_DYNAMIC_NO_PIC = NO;
				GCC_NO_COMMON_BLOCKS = YES;
				GCC_OPTIMIZATION_LEVEL = 0;
				GCC_PREPROCESSOR_DEFINITIONS = (
					"DEBUG=1",
					"$(inherited)",
				);
				GCC_WARN_64_TO_32_BIT_CONVERSION = YES;
				GCC_WARN_ABOUT_RETURN_TYPE = YES_ERROR;
				GCC_WARN_UNDECLARED_SELECTOR = YES;
				GCC_WARN_UNINITIALIZED_AUTOS = YES_AGGRESSIVE;
				GCC_WARN_UNUSED_FUNCTION = YES;
				GCC_WARN_UNUSED_VARIABLE = YES;
				IPHONEOS_DEPLOYMENT_TARGET = 13.0;
				MTL_ENABLE_DEBUG_INFO = INCLUDE_SOURCE;
				MTL_FAST_MATH = YES;
				ONLY_ACTIVE_ARCH = YES;
				SDKROOT = iphoneos;
				SWIFT_ACTIVE_COMPILATION_CONDITIONS = DEBUG;
				SWIFT_OPTIMIZATION_LEVEL = "-Onone";
			};
			name = Debug;
		};
		81B5C01A234B03390047CE7E /* Release */ = {
			isa = XCBuildConfiguration;
			buildSettings = {
				ALWAYS_SEARCH_USER_PATHS = NO;
				CLANG_ANALYZER_NONNULL = YES;
				CLANG_ANALYZER_NUMBER_OBJECT_CONVERSION = YES_AGGRESSIVE;
				CLANG_CXX_LANGUAGE_STANDARD = "gnu++14";
				CLANG_CXX_LIBRARY = "libc++";
				CLANG_ENABLE_MODULES = YES;
				CLANG_ENABLE_OBJC_ARC = YES;
				CLANG_ENABLE_OBJC_WEAK = YES;
				CLANG_WARN_BLOCK_CAPTURE_AUTORELEASING = YES;
				CLANG_WARN_BOOL_CONVERSION = YES;
				CLANG_WARN_COMMA = YES;
				CLANG_WARN_CONSTANT_CONVERSION = YES;
				CLANG_WARN_DEPRECATED_OBJC_IMPLEMENTATIONS = YES;
				CLANG_WARN_DIRECT_OBJC_ISA_USAGE = YES_ERROR;
				CLANG_WARN_DOCUMENTATION_COMMENTS = YES;
				CLANG_WARN_EMPTY_BODY = YES;
				CLANG_WARN_ENUM_CONVERSION = YES;
				CLANG_WARN_INFINITE_RECURSION = YES;
				CLANG_WARN_INT_CONVERSION = YES;
				CLANG_WARN_NON_LITERAL_NULL_CONVERSION = YES;
				CLANG_WARN_OBJC_IMPLICIT_RETAIN_SELF = YES;
				CLANG_WARN_OBJC_LITERAL_CONVERSION = YES;
				CLANG_WARN_OBJC_ROOT_CLASS = YES_ERROR;
				CLANG_WARN_RANGE_LOOP_ANALYSIS = YES;
				CLANG_WARN_STRICT_PROTOTYPES = YES;
				CLANG_WARN_SUSPICIOUS_MOVE = YES;
				CLANG_WARN_UNGUARDED_AVAILABILITY = YES_AGGRESSIVE;
				CLANG_WARN_UNREACHABLE_CODE = YES;
				CLANG_WARN__DUPLICATE_METHOD_MATCH = YES;
				COPY_PHASE_STRIP = NO;
				DEBUG_INFORMATION_FORMAT = "dwarf-with-dsym";
				ENABLE_NS_ASSERTIONS = NO;
				ENABLE_STRICT_OBJC_MSGSEND = YES;
				GCC_C_LANGUAGE_STANDARD = gnu11;
				GCC_NO_COMMON_BLOCKS = YES;
				GCC_WARN_64_TO_32_BIT_CONVERSION = YES;
				GCC_WARN_ABOUT_RETURN_TYPE = YES_ERROR;
				GCC_WARN_UNDECLARED_SELECTOR = YES;
				GCC_WARN_UNINITIALIZED_AUTOS = YES_AGGRESSIVE;
				GCC_WARN_UNUSED_FUNCTION = YES;
				GCC_WARN_UNUSED_VARIABLE = YES;
				IPHONEOS_DEPLOYMENT_TARGET = 13.0;
				MTL_ENABLE_DEBUG_INFO = NO;
				MTL_FAST_MATH = YES;
				SDKROOT = iphoneos;
				SWIFT_COMPILATION_MODE = wholemodule;
				SWIFT_OPTIMIZATION_LEVEL = "-O";
				VALIDATE_PRODUCT = YES;
			};
			name = Release;
		};
		81B5C01C234B03390047CE7E /* Debug */ = {
			isa = XCBuildConfiguration;
			buildSettings = {
				ASSETCATALOG_COMPILER_APPICON_NAME = AppIcon;
				CODE_SIGN_STYLE = Automatic;
				INFOPLIST_FILE = Task/Info.plist;
				LD_RUNPATH_SEARCH_PATHS = (
					"$(inherited)",
					"@executable_path/Frameworks",
				);
				PRODUCT_BUNDLE_IDENTIFIER = com.yuwen.Task;
				PRODUCT_NAME = "$(TARGET_NAME)";
				SWIFT_VERSION = 5.0;
				TARGETED_DEVICE_FAMILY = "1,2";
			};
			name = Debug;
		};
		81B5C01D234B03390047CE7E /* Release */ = {
			isa = XCBuildConfiguration;
			buildSettings = {
				ASSETCATALOG_COMPILER_APPICON_NAME = AppIcon;
				CODE_SIGN_STYLE = Automatic;
				INFOPLIST_FILE = Task/Info.plist;
				LD_RUNPATH_SEARCH_PATHS = (
					"$(inherited)",
					"@executable_path/Frameworks",
				);
				PRODUCT_BUNDLE_IDENTIFIER = com.yuwen.Task;
				PRODUCT_NAME = "$(TARGET_NAME)";
				SWIFT_VERSION = 5.0;
				TARGETED_DEVICE_FAMILY = "1,2";
			};
			name = Release;
		};
/* End XCBuildConfiguration section */

/* Begin XCConfigurationList section */
		81B5BFFF234B03380047CE7E /* Build configuration list for PBXProject "Task" */ = {
			isa = XCConfigurationList;
			buildConfigurations = (
				81B5C019234B03390047CE7E /* Debug */,
				81B5C01A234B03390047CE7E /* Release */,
			);
			defaultConfigurationIsVisible = 0;
			defaultConfigurationName = Release;
		};
		81B5C01B234B03390047CE7E /* Build configuration list for PBXNativeTarget "Task" */ = {
			isa = XCConfigurationList;
			buildConfigurations = (
				81B5C01C234B03390047CE7E /* Debug */,
				81B5C01D234B03390047CE7E /* Release */,
			);
			defaultConfigurationIsVisible = 0;
			defaultConfigurationName = Release;
		};
/* End XCConfigurationList section */

/* Begin XCVersionGroup section */
		81B5C010234B03380047CE7E /* Task.xcdatamodeld */ = {
			isa = XCVersionGroup;
			children = (
				81B5C011234B03380047CE7E /* Task.xcdatamodel */,
			);
			currentVersion = 81B5C011234B03380047CE7E /* Task.xcdatamodel */;
			path = Task.xcdatamodeld;
			sourceTree = "<group>";
			versionGroupType = wrapper.xcdatamodel;
		};
/* End XCVersionGroup section */
	};
	rootObject = 81B5BFFC234B03380047CE7E /* Project object */;
}
